// !$*UTF8*$!
{
	archiveVersion = 1;
	classes = {
	};
	objectVersion = 46;
	objects = {

/* Begin PBXBuildFile section */
		A8088336198A20420042681F /* Foundation.framework in Frameworks */ = {isa = PBXBuildFile; fileRef = A8088335198A20420042681F /* Foundation.framework */; };
		A8088338198A20420042681F /* CoreGraphics.framework in Frameworks */ = {isa = PBXBuildFile; fileRef = A8088337198A20420042681F /* CoreGraphics.framework */; };
		A808833A198A20420042681F /* UIKit.framework in Frameworks */ = {isa = PBXBuildFile; fileRef = A8088339198A20420042681F /* UIKit.framework */; };
		A8088340198A20420042681F /* InfoPlist.strings in Resources */ = {isa = PBXBuildFile; fileRef = A808833E198A20420042681F /* InfoPlist.strings */; };
		A8088342198A20420042681F /* main.m in Sources */ = {isa = PBXBuildFile; fileRef = A8088341198A20420042681F /* main.m */; };
		A8088346198A20420042681F /* BIDAppDelegate.m in Sources */ = {isa = PBXBuildFile; fileRef = A8088345198A20420042681F /* BIDAppDelegate.m */; };
		A8088348198A20420042681F /* Images.xcassets in Resources */ = {isa = PBXBuildFile; fileRef = A8088347198A20420042681F /* Images.xcassets */; };
		A808834F198A20420042681F /* XCTest.framework in Frameworks */ = {isa = PBXBuildFile; fileRef = A808834E198A20420042681F /* XCTest.framework */; };
		A8088350198A20420042681F /* Foundation.framework in Frameworks */ = {isa = PBXBuildFile; fileRef = A8088335198A20420042681F /* Foundation.framework */; };
		A8088351198A20420042681F /* UIKit.framework in Frameworks */ = {isa = PBXBuildFile; fileRef = A8088339198A20420042681F /* UIKit.framework */; };
		A8088359198A20420042681F /* InfoPlist.strings in Resources */ = {isa = PBXBuildFile; fileRef = A8088357198A20420042681F /* InfoPlist.strings */; };
		A808835B198A20420042681F /* SwipesTests.m in Sources */ = {isa = PBXBuildFile; fileRef = A808835A198A20420042681F /* SwipesTests.m */; };
		A8088367198A204E0042681F /* BIDViewController.m in Sources */ = {isa = PBXBuildFile; fileRef = A8088365198A204E0042681F /* BIDViewController.m */; };
		A8088368198A204E0042681F /* BIDViewController.xib in Resources */ = {isa = PBXBuildFile; fileRef = A8088366198A204E0042681F /* BIDViewController.xib */; };
/* End PBXBuildFile section */

/* Begin PBXContainerItemProxy section */
		A8088352198A20420042681F /* PBXContainerItemProxy */ = {
			isa = PBXContainerItemProxy;
			containerPortal = A808832A198A20420042681F /* Project object */;
			proxyType = 1;
			remoteGlobalIDString = A8088331198A20420042681F;
			remoteInfo = Swipes;
		};
/* End PBXContainerItemProxy section */

/* Begin PBXFileReference section */
		A8088332198A20420042681F /* Swipes.app */ = {isa = PBXFileReference; explicitFileType = wrapper.application; includeInIndex = 0; path = Swipes.app; sourceTree = BUILT_PRODUCTS_DIR; };
		A8088335198A20420042681F /* Foundation.framework */ = {isa = PBXFileReference; lastKnownFileType = wrapper.framework; name = Foundation.framework; path = System/Library/Frameworks/Foundation.framework; sourceTree = SDKROOT; };
		A8088337198A20420042681F /* CoreGraphics.framework */ = {isa = PBXFileReference; lastKnownFileType = wrapper.framework; name = CoreGraphics.framework; path = System/Library/Frameworks/CoreGraphics.framework; sourceTree = SDKROOT; };
		A8088339198A20420042681F /* UIKit.framework */ = {isa = PBXFileReference; lastKnownFileType = wrapper.framework; name = UIKit.framework; path = System/Library/Frameworks/UIKit.framework; sourceTree = SDKROOT; };
		A808833D198A20420042681F /* Swipes-Info.plist */ = {isa = PBXFileReference; lastKnownFileType = text.plist.xml; path = "Swipes-Info.plist"; sourceTree = "<group>"; };
		A808833F198A20420042681F /* en */ = {isa = PBXFileReference; lastKnownFileType = text.plist.strings; name = en; path = en.lproj/InfoPlist.strings; sourceTree = "<group>"; };
		A8088341198A20420042681F /* main.m */ = {isa = PBXFileReference; lastKnownFileType = sourcecode.c.objc; path = main.m; sourceTree = "<group>"; };
		A8088343198A20420042681F /* Swipes-Prefix.pch */ = {isa = PBXFileReference; lastKnownFileType = sourcecode.c.h; path = "Swipes-Prefix.pch"; sourceTree = "<group>"; };
		A8088344198A20420042681F /* BIDAppDelegate.h */ = {isa = PBXFileReference; lastKnownFileType = sourcecode.c.h; path = BIDAppDelegate.h; sourceTree = "<group>"; };
		A8088345198A20420042681F /* BIDAppDelegate.m */ = {isa = PBXFileReference; lastKnownFileType = sourcecode.c.objc; path = BIDAppDelegate.m; sourceTree = "<group>"; };
		A8088347198A20420042681F /* Images.xcassets */ = {isa = PBXFileReference; lastKnownFileType = folder.assetcatalog; path = Images.xcassets; sourceTree = "<group>"; };
		A808834D198A20420042681F /* SwipesTests.xctest */ = {isa = PBXFileReference; explicitFileType = wrapper.cfbundle; includeInIndex = 0; path = SwipesTests.xctest; sourceTree = BUILT_PRODUCTS_DIR; };
		A808834E198A20420042681F /* XCTest.framework */ = {isa = PBXFileReference; lastKnownFileType = wrapper.framework; name = XCTest.framework; path = Library/Frameworks/XCTest.framework; sourceTree = DEVELOPER_DIR; };
		A8088356198A20420042681F /* SwipesTests-Info.plist */ = {isa = PBXFileReference; lastKnownFileType = text.plist.xml; path = "SwipesTests-Info.plist"; sourceTree = "<group>"; };
		A8088358198A20420042681F /* en */ = {isa = PBXFileReference; lastKnownFileType = text.plist.strings; name = en; path = en.lproj/InfoPlist.strings; sourceTree = "<group>"; };
		A808835A198A20420042681F /* SwipesTests.m */ = {isa = PBXFileReference; lastKnownFileType = sourcecode.c.objc; path = SwipesTests.m; sourceTree = "<group>"; };
		A8088364198A204E0042681F /* BIDViewController.h */ = {isa = PBXFileReference; fileEncoding = 4; lastKnownFileType = sourcecode.c.h; path = BIDViewController.h; sourceTree = "<group>"; };
		A8088365198A204E0042681F /* BIDViewController.m */ = {isa = PBXFileReference; fileEncoding = 4; lastKnownFileType = sourcecode.c.objc; path = BIDViewController.m; sourceTree = "<group>"; };
		A8088366198A204E0042681F /* BIDViewController.xib */ = {isa = PBXFileReference; fileEncoding = 4; lastKnownFileType = file.xib; path = BIDViewController.xib; sourceTree = "<group>"; };
/* End PBXFileReference section */

/* Begin PBXFrameworksBuildPhase section */
		A808832F198A20420042681F /* Frameworks */ = {
			isa = PBXFrameworksBuildPhase;
			buildActionMask = 2147483647;
			files = (
				A8088338198A20420042681F /* CoreGraphics.framework in Frameworks */,
				A808833A198A20420042681F /* UIKit.framework in Frameworks */,
				A8088336198A20420042681F /* Foundation.framework in Frameworks */,
			);
			runOnlyForDeploymentPostprocessing = 0;
		};
		A808834A198A20420042681F /* Frameworks */ = {
			isa = PBXFrameworksBuildPhase;
			buildActionMask = 2147483647;
			files = (
				A808834F198A20420042681F /* XCTest.framework in Frameworks */,
				A8088351198A20420042681F /* UIKit.framework in Frameworks */,
				A8088350198A20420042681F /* Foundation.framework in Frameworks */,
			);
			runOnlyForDeploymentPostprocessing = 0;
		};
/* End PBXFrameworksBuildPhase section */

/* Begin PBXGroup section */
		A8088329198A20420042681F = {
			isa = PBXGroup;
			children = (
				A808833B198A20420042681F /* Swipes */,
				A8088354198A20420042681F /* SwipesTests */,
				A8088334198A20420042681F /* Frameworks */,
				A8088333198A20420042681F /* Products */,
			);
			sourceTree = "<group>";
		};
		A8088333198A20420042681F /* Products */ = {
			isa = PBXGroup;
			children = (
				A8088332198A20420042681F /* Swipes.app */,
				A808834D198A20420042681F /* SwipesTests.xctest */,
			);
			name = Products;
			sourceTree = "<group>";
		};
		A8088334198A20420042681F /* Frameworks */ = {
			isa = PBXGroup;
			children = (
				A8088335198A20420042681F /* Foundation.framework */,
				A8088337198A20420042681F /* CoreGraphics.framework */,
				A8088339198A20420042681F /* UIKit.framework */,
				A808834E198A20420042681F /* XCTest.framework */,
			);
			name = Frameworks;
			sourceTree = "<group>";
		};
		A808833B198A20420042681F /* Swipes */ = {
			isa = PBXGroup;
			children = (
				A8088344198A20420042681F /* BIDAppDelegate.h */,
				A8088345198A20420042681F /* BIDAppDelegate.m */,
				A8088364198A204E0042681F /* BIDViewController.h */,
				A8088365198A204E0042681F /* BIDViewController.m */,
				A8088366198A204E0042681F /* BIDViewController.xib */,
				A8088347198A20420042681F /* Images.xcassets */,
				A808833C198A20420042681F /* Supporting Files */,
			);
			path = Swipes;
			sourceTree = "<group>";
		};
		A808833C198A20420042681F /* Supporting Files */ = {
			isa = PBXGroup;
			children = (
				A808833D198A20420042681F /* Swipes-Info.plist */,
				A808833E198A20420042681F /* InfoPlist.strings */,
				A8088341198A20420042681F /* main.m */,
				A8088343198A20420042681F /* Swipes-Prefix.pch */,
			);
			name = "Supporting Files";
			sourceTree = "<group>";
		};
		A8088354198A20420042681F /* SwipesTests */ = {
			isa = PBXGroup;
			children = (
				A808835A198A20420042681F /* SwipesTests.m */,
				A8088355198A20420042681F /* Supporting Files */,
			);
			path = SwipesTests;
			sourceTree = "<group>";
		};
		A8088355198A20420042681F /* Supporting Files */ = {
			isa = PBXGroup;
			children = (
				A8088356198A20420042681F /* SwipesTests-Info.plist */,
				A8088357198A20420042681F /* InfoPlist.strings */,
			);
			name = "Supporting Files";
			sourceTree = "<group>";
		};
/* End PBXGroup section */

/* Begin PBXNativeTarget section */
		A8088331198A20420042681F /* Swipes */ = {
			isa = PBXNativeTarget;
			buildConfigurationList = A808835E198A20420042681F /* Build configuration list for PBXNativeTarget "Swipes" */;
			buildPhases = (
				A808832E198A20420042681F /* Sources */,
				A808832F198A20420042681F /* Frameworks */,
				A8088330198A20420042681F /* Resources */,
			);
			buildRules = (
			);
			dependencies = (
			);
			name = Swipes;
			productName = Swipes;
			productReference = A8088332198A20420042681F /* Swipes.app */;
			productType = "com.apple.product-type.application";
		};
		A808834C198A20420042681F /* SwipesTests */ = {
			isa = PBXNativeTarget;
			buildConfigurationList = A8088361198A20420042681F /* Build configuration list for PBXNativeTarget "SwipesTests" */;
			buildPhases = (
				A8088349198A20420042681F /* Sources */,
				A808834A198A20420042681F /* Frameworks */,
				A808834B198A20420042681F /* Resources */,
			);
			buildRules = (
			);
			dependencies = (
				A8088353198A20420042681F /* PBXTargetDependency */,
			);
			name = SwipesTests;
			productName = SwipesTests;
			productReference = A808834D198A20420042681F /* SwipesTests.xctest */;
			productType = "com.apple.product-type.bundle.unit-test";
		};
/* End PBXNativeTarget section */

/* Begin PBXProject section */
		A808832A198A20420042681F /* Project object */ = {
			isa = PBXProject;
			attributes = {
				CLASSPREFIX = BID;
				LastUpgradeCheck = 0510;
				ORGANIZATIONNAME = "___FULLUSERNAME___";
				TargetAttributes = {
					A808834C198A20420042681F = {
						TestTargetID = A8088331198A20420042681F;
					};
				};
			};
			buildConfigurationList = A808832D198A20420042681F /* Build configuration list for PBXProject "Swipes" */;
			compatibilityVersion = "Xcode 3.2";
			developmentRegion = English;
			hasScannedForEncodings = 0;
			knownRegions = (
				en,
			);
			mainGroup = A8088329198A20420042681F;
			productRefGroup = A8088333198A20420042681F /* Products */;
			projectDirPath = "";
			projectRoot = "";
			targets = (
				A8088331198A20420042681F /* Swipes */,
				A808834C198A20420042681F /* SwipesTests */,
			);
		};
/* End PBXProject section */

/* Begin PBXResourcesBuildPhase section */
		A8088330198A20420042681F /* Resources */ = {
			isa = PBXResourcesBuildPhase;
			buildActionMask = 2147483647;
			files = (
				A8088368198A204E0042681F /* BIDViewController.xib in Resources */,
				A8088340198A20420042681F /* InfoPlist.strings in Resources */,
				A8088348198A20420042681F /* Images.xcassets in Resources */,
			);
			runOnlyForDeploymentPostprocessing = 0;
		};
		A808834B198A20420042681F /* Resources */ = {
			isa = PBXResourcesBuildPhase;
			buildActionMask = 2147483647;
			files = (
				A8088359198A20420042681F /* InfoPlist.strings in Resources */,
			);
			runOnlyForDeploymentPostprocessing = 0;
		};
/* End PBXResourcesBuildPhase section */

/* Begin PBXSourcesBuildPhase section */
		A808832E198A20420042681F /* Sources */ = {
			isa = PBXSourcesBuildPhase;
			buildActionMask = 2147483647;
			files = (
				A8088346198A20420042681F /* BIDAppDelegate.m in Sources */,
				A8088367198A204E0042681F /* BIDViewController.m in Sources */,
				A8088342198A20420042681F /* main.m in Sources */,
			);
			runOnlyForDeploymentPostprocessing = 0;
		};
		A8088349198A20420042681F /* Sources */ = {
			isa = PBXSourcesBuildPhase;
			buildActionMask = 2147483647;
			files = (
				A808835B198A20420042681F /* SwipesTests.m in Sources */,
			);
			runOnlyForDeploymentPostprocessing = 0;
		};
/* End PBXSourcesBuildPhase section */

/* Begin PBXTargetDependency section */
		A8088353198A20420042681F /* PBXTargetDependency */ = {
			isa = PBXTargetDependency;
			target = A8088331198A20420042681F /* Swipes */;
			targetProxy = A8088352198A20420042681F /* PBXContainerItemProxy */;
		};
/* End PBXTargetDependency section */

/* Begin PBXVariantGroup section */
		A808833E198A20420042681F /* InfoPlist.strings */ = {
			isa = PBXVariantGroup;
			children = (
				A808833F198A20420042681F /* en */,
			);
			name = InfoPlist.strings;
			sourceTree = "<group>";
		};
		A8088357198A20420042681F /* InfoPlist.strings */ = {
			isa = PBXVariantGroup;
			children = (
				A8088358198A20420042681F /* en */,
			);
			name = InfoPlist.strings;
			sourceTree = "<group>";
		};
/* End PBXVariantGroup section */

/* Begin XCBuildConfiguration section */
		A808835C198A20420042681F /* Debug */ = {
			isa = XCBuildConfiguration;
			buildSettings = {
				ALWAYS_SEARCH_USER_PATHS = NO;
				CLANG_CXX_LANGUAGE_STANDARD = "gnu++0x";
				CLANG_CXX_LIBRARY = "libc++";
				CLANG_ENABLE_MODULES = YES;
				CLANG_ENABLE_OBJC_ARC = YES;
				CLANG_WARN_BOOL_CONVERSION = YES;
				CLANG_WARN_CONSTANT_CONVERSION = YES;
				CLANG_WARN_DIRECT_OBJC_ISA_USAGE = YES_ERROR;
				CLANG_WARN_EMPTY_BODY = YES;
				CLANG_WARN_ENUM_CONVERSION = YES;
				CLANG_WARN_INT_CONVERSION = YES;
				CLANG_WARN_OBJC_ROOT_CLASS = YES_ERROR;
				CLANG_WARN__DUPLICATE_METHOD_MATCH = YES;
				"CODE_SIGN_IDENTITY[sdk=iphoneos*]" = "iPhone Developer";
				COPY_PHASE_STRIP = NO;
				GCC_C_LANGUAGE_STANDARD = gnu99;
				GCC_DYNAMIC_NO_PIC = NO;
				GCC_OPTIMIZATION_LEVEL = 0;
				GCC_PREPROCESSOR_DEFINITIONS = (
					"DEBUG=1",
					"$(inherited)",
				);
				GCC_SYMBOLS_PRIVATE_EXTERN = NO;
				GCC_WARN_64_TO_32_BIT_CONVERSION = YES;
				GCC_WARN_ABOUT_RETURN_TYPE = YES_ERROR;
				GCC_WARN_UNDECLARED_SELECTOR = YES;
				GCC_WARN_UNINITIALIZED_AUTOS = YES_AGGRESSIVE;
				GCC_WARN_UNUSED_FUNCTION = YES;
				GCC_WARN_UNUSED_VARIABLE = YES;
				IPHONEOS_DEPLOYMENT_TARGET = 7.1;
				ONLY_ACTIVE_ARCH = YES;
				SDKROOT = iphoneos;
			};
			name = Debug;
		};
		A808835D198A20420042681F /* Release */ = {
			isa = XCBuildConfiguration;
			buildSettings = {
				ALWAYS_SEARCH_USER_PATHS = NO;
				CLANG_CXX_LANGUAGE_STANDARD = "gnu++0x";
				CLANG_CXX_LIBRARY = "libc++";
				CLANG_ENABLE_MODULES = YES;
				CLANG_ENABLE_OBJC_ARC = YES;
				CLANG_WARN_BOOL_CONVERSION = YES;
				CLANG_WARN_CONSTANT_CONVERSION = YES;
				CLANG_WARN_DIRECT_OBJC_ISA_USAGE = YES_ERROR;
				CLANG_WARN_EMPTY_BODY = YES;
				CLANG_WARN_ENUM_CONVERSION = YES;
				CLANG_WARN_INT_CONVERSION = YES;
				CLANG_WARN_OBJC_ROOT_CLASS = YES_ERROR;
				CLANG_WARN__DUPLICATE_METHOD_MATCH = YES;
				"CODE_SIGN_IDENTITY[sdk=iphoneos*]" = "iPhone Developer";
				COPY_PHASE_STRIP = YES;
				ENABLE_NS_ASSERTIONS = NO;
				GCC_C_LANGUAGE_STANDARD = gnu99;
				GCC_WARN_64_TO_32_BIT_CONVERSION = YES;
				GCC_WARN_ABOUT_RETURN_TYPE = YES_ERROR;
				GCC_WARN_UNDECLARED_SELECTOR = YES;
				GCC_WARN_UNINITIALIZED_AUTOS = YES_AGGRESSIVE;
				GCC_WARN_UNUSED_FUNCTION = YES;
				GCC_WARN_UNUSED_VARIABLE = YES;
				IPHONEOS_DEPLOYMENT_TARGET = 7.1;
				SDKROOT = iphoneos;
				VALIDATE_PRODUCT = YES;
			};
			name = Release;
		};
		A808835F198A20420042681F /* Debug */ = {
			isa = XCBuildConfiguration;
			buildSettings = {
				ASSETCATALOG_COMPILER_APPICON_NAME = AppIcon;
				ASSETCATALOG_COMPILER_LAUNCHIMAGE_NAME = LaunchImage;
				GCC_PRECOMPILE_PREFIX_HEADER = YES;
				GCC_PREFIX_HEADER = "Swipes/Swipes-Prefix.pch";
				INFOPLIST_FILE = "Swipes/Swipes-Info.plist";
				IPHONEOS_DEPLOYMENT_TARGET = 6.1;
				PRODUCT_NAME = "$(TARGET_NAME)";
				WRAPPER_EXTENSION = app;
			};
			name = Debug;
		};
		A8088360198A20420042681F /* Release */ = {
			isa = XCBuildConfiguration;
			buildSettings = {
				ASSETCATALOG_COMPILER_APPICON_NAME = AppIcon;
				ASSETCATALOG_COMPILER_LAUNCHIMAGE_NAME = LaunchImage;
				GCC_PRECOMPILE_PREFIX_HEADER = YES;
				GCC_PREFIX_HEADER = "Swipes/Swipes-Prefix.pch";
				INFOPLIST_FILE = "Swipes/Swipes-Info.plist";
				IPHONEOS_DEPLOYMENT_TARGET = 6.1;
				PRODUCT_NAME = "$(TARGET_NAME)";
				WRAPPER_EXTENSION = app;
			};
			name = Release;
		};
		A8088362198A20420042681F /* Debug */ = {
			isa = XCBuildConfiguration;
			buildSettings = {
				BUNDLE_LOADER = "$(BUILT_PRODUCTS_DIR)/Swipes.app/Swipes";
				FRAMEWORK_SEARCH_PATHS = (
					"$(SDKROOT)/Developer/Library/Frameworks",
					"$(inherited)",
					"$(DEVELOPER_FRAMEWORKS_DIR)",
				);
				GCC_PRECOMPILE_PREFIX_HEADER = YES;
				GCC_PREFIX_HEADER = "Swipes/Swipes-Prefix.pch";
				GCC_PREPROCESSOR_DEFINITIONS = (
					"DEBUG=1",
					"$(inherited)",
				);
				INFOPLIST_FILE = "SwipesTests/SwipesTests-Info.plist";
				PRODUCT_NAME = "$(TARGET_NAME)";
				TEST_HOST = "$(BUNDLE_LOADER)";
				WRAPPER_EXTENSION = xctest;
			};
			name = Debug;
		};
		A8088363198A20420042681F /* Release */ = {
			isa = XCBuildConfiguration;
			buildSettings = {
				BUNDLE_LOADER = "$(BUILT_PRODUCTS_DIR)/Swipes.app/Swipes";
				FRAMEWORK_SEARCH_PATHS = (
					"$(SDKROOT)/Developer/Library/Frameworks",
					"$(inherited)",
					"$(DEVELOPER_FRAMEWORKS_DIR)",
				);
				GCC_PRECOMPILE_PREFIX_HEADER = YES;
				GCC_PREFIX_HEADER = "Swipes/Swipes-Prefix.pch";
				INFOPLIST_FILE = "SwipesTests/SwipesTests-Info.plist";
				PRODUCT_NAME = "$(TARGET_NAME)";
				TEST_HOST = "$(BUNDLE_LOADER)";
				WRAPPER_EXTENSION = xctest;
			};
			name = Release;
		};
/* End XCBuildConfiguration section */

/* Begin XCConfigurationList section */
		A808832D198A20420042681F /* Build configuration list for PBXProject "Swipes" */ = {
			isa = XCConfigurationList;
			buildConfigurations = (
				A808835C198A20420042681F /* Debug */,
				A808835D198A20420042681F /* Release */,
			);
			defaultConfigurationIsVisible = 0;
			defaultConfigurationName = Release;
		};
		A808835E198A20420042681F /* Build configuration list for PBXNativeTarget "Swipes" */ = {
			isa = XCConfigurationList;
			buildConfigurations = (
				A808835F198A20420042681F /* Debug */,
				A8088360198A20420042681F /* Release */,
			);
			defaultConfigurationIsVisible = 0;
		};
		A8088361198A20420042681F /* Build configuration list for PBXNativeTarget "SwipesTests" */ = {
			isa = XCConfigurationList;
			buildConfigurations = (
				A8088362198A20420042681F /* Debug */,
				A8088363198A20420042681F /* Release */,
			);
			defaultConfigurationIsVisible = 0;
		};
/* End XCConfigurationList section */
	};
	rootObject = A808832A198A20420042681F /* Project object */;
}
